<?xml version="1.0" encoding="utf-8"?>
<Project ToolsVersion="4.0" xmlns="http://schemas.microsoft.com/developer/msbuild/2003">
  <ItemGroup>
    <Filter Include="Source Files">
      <UniqueIdentifier>{4FC737F1-C7A5-4376-A066-2A32D752A2FF}</UniqueIdentifier>
      <Extensions>cpp;c;cc;cxx;c++;cppm;ixx;def;odl;idl;hpj;bat;asm;asmx</Extensions>
    </Filter>
    <Filter Include="Header Files">
      <UniqueIdentifier>{93995380-89BD-4b04-88EB-625FBE52EBFB}</UniqueIdentifier>
      <Extensions>h;hh;hpp;hxx;h++;hm;inl;inc;ipp;xsd</Extensions>
    </Filter>
    <Filter Include="Resource Files">
      <UniqueIdentifier>{67DA6AB6-F800-4c08-8B7A-83BB121AAD01}</UniqueIdentifier>
      <Extensions>rc;ico;cur;bmp;dlg;rc2;rct;bin;rgs;gif;jpg;jpeg;jpe;resx;tiff;tif;png;wav;mfcribbon-ms</Extensions>
    </Filter>
  </ItemGroup>
  <ItemGroup>
    <ClCompile Include="MAIN.cpp">
      <Filter>Source Files</Filter>
    </ClCompile>
    <ClCompile Include="Rasterize.cpp">
      <Filter>Source Files</Filter>
    </ClCompile>
    <ClCompile Include="Global.cpp">
      <Filter>Source Files</Filter>
    </ClCompile>
    <ClCompile Include="stb_image\stb_image.cpp">
      <Filter>Source Files</Filter>
    </ClCompile>
  </ItemGroup>
  <ItemGroup>
    <ClInclude Include="glm\common.hpp">
      <Filter>Header Files</Filter>
    </ClInclude>
    <ClInclude Include="glm\exponential.hpp">
      <Filter>Header Files</Filter>
    </ClInclude>
    <ClInclude Include="glm\ext.hpp">
      <Filter>Header Files</Filter>
    </ClInclude>
    <ClInclude Include="glm\fwd.hpp">
      <Filter>Header Files</Filter>
    </ClInclude>
    <ClInclude Include="glm\geometric.hpp">
      <Filter>Header Files</Filter>
    </ClInclude>
    <ClInclude Include="glm\glm.hpp">
      <Filter>Header Files</Filter>
    </ClInclude>
    <ClInclude Include="glm\integer.hpp">
      <Filter>Header Files</Filter>
    </ClInclude>
    <ClInclude Include="glm\mat2x2.hpp">
      <Filter>Header Files</Filter>
    </ClInclude>
    <ClInclude Include="glm\mat2x3.hpp">
      <Filter>Header Files</Filter>
    </ClInclude>
    <ClInclude Include="glm\mat2x4.hpp">
      <Filter>Header Files</Filter>
    </ClInclude>
    <ClInclude Include="glm\mat3x2.hpp">
      <Filter>Header Files</Filter>
    </ClInclude>
    <ClInclude Include="glm\mat3x3.hpp">
      <Filter>Header Files</Filter>
    </ClInclude>
    <ClInclude Include="glm\mat3x4.hpp">
      <Filter>Header Files</Filter>
    </ClInclude>
    <ClInclude Include="glm\mat4x2.hpp">
      <Filter>Header Files</Filter>
    </ClInclude>
    <ClInclude Include="glm\mat4x3.hpp">
      <Filter>Header Files</Filter>
    </ClInclude>
    <ClInclude Include="glm\mat4x4.hpp">
      <Filter>Header Files</Filter>
    </ClInclude>
    <ClInclude Include="glm\matrix.hpp">
      <Filter>Header Files</Filter>
    </ClInclude>
    <ClInclude Include="glm\packing.hpp">
      <Filter>Header Files</Filter>
    </ClInclude>
    <ClInclude Include="glm\trigonometric.hpp">
      <Filter>Header Files</Filter>
    </ClInclude>
    <ClInclude Include="glm\vec2.hpp">
      <Filter>Header Files</Filter>
    </ClInclude>
    <ClInclude Include="glm\vec3.hpp">
      <Filter>Header Files</Filter>
    </ClInclude>
    <ClInclude Include="glm\vec4.hpp">
      <Filter>Header Files</Filter>
    </ClInclude>
    <ClInclude Include="glm\vector_relational.hpp">
      <Filter>Header Files</Filter>
    </ClInclude>
    <ClInclude Include="Triangle.h">
      <Filter>Header Files</Filter>
    </ClInclude>
    <ClInclude Include="Rasterize.h">
      <Filter>Header Files</Filter>
    </ClInclude>
    <ClInclude Include="Global.h">
      <Filter>Header Files</Filter>
    </ClInclude>
    <ClInclude Include="Rectangle.h">
      <Filter>Header Files</Filter>
    </ClInclude>
    <ClInclude Include="Cube.h">
      <Filter>Header Files</Filter>
    </ClInclude>
    <ClInclude Include="stb_image\stb_image.h">
      <Filter>Header Files</Filter>
    </ClInclude>
  </ItemGroup>
</Project>