
Microsoft Visual Studio Solution File, Format Version 12.00
# Visual Studio Version 16
VisualStudioVersion = 16.0.31229.75
MinimumVisualStudioVersion = 10.0.40219.1
Project("{8BC9CEB8-8B4A-11D0-8D11-00A0C91BC942}") = "ASCII3D", "ASCII3D\ASCII3D.vcxproj", "{958ECE80-0425-4574-A320-BFD1463E166B}"
EndProject
Global
	GlobalSection(SolutionConfigurationPlatforms) = preSolution
		Debug|x64 = Debug|x64
		Debug|x86 = Debug|x86
		Release|x64 = Release|x64
		Release|x86 = Release|x86
	EndGlobalSection
	GlobalSection(ProjectConfigurationPlatforms) = postSolution
		{958ECE80-0425-4574-A320-BFD1463E166B}.Debug|x64.ActiveCfg = Debug|x64
		{958ECE80-0425-4574-A320-BFD1463E166B}.Debug|x64.Build.0 = Debug|x64
		{958ECE80-0425-4574-A320-BFD1463E166B}.Debug|x86.ActiveCfg = Debug|Win32
		{958ECE80-0425-4574-A320-BFD1463E166B}.Debug|x86.Build.0 = Debug|Win32
		{958ECE80-0425-4574-A320-BFD1463E166B}.Release|x64.ActiveCfg = Release|x64
		{958ECE80-0425-4574-A320-BFD1463E166B}.Release|x64.Build.0 = Release|x64
		{958ECE80-0425-4574-A320-BFD1463E166B}.Release|x86.ActiveCfg = Release|Win32
		{958ECE80-0425-4574-A320-BFD1463E166B}.Release|x86.Build.0 = Release|Win32
	EndGlobalSection
	GlobalSection(SolutionProperties) = preSolution
		HideSolutionNode = FALSE
	EndGlobalSection
	GlobalSection(ExtensibilityGlobals) = postSolution
		SolutionGuid = {C138FE50-994A-454D-9F51-797F9EA4B875}
	EndGlobalSection
EndGlobal
